lockfileVersion: '9.0'

settings:
  autoInstallPeers: true
  excludeLinksFromLockfile: false

importers:

  .:
    dependencies:
      dotenv:
        specifier: ^17.3.1
        version: 17.3.1
      fluent-ffmpeg:
        specifier: ^2.1.3
        version: 2.1.3
      google-tts-api:
        specifier: ^2.0.2
        version: 2.0.2
      ollama:
        specifier: ^0.6.3
        version: 0.6.3
      simple-ffmpegjs:
        specifier: ^0.5.4
        version: 0.5.4

packages:

  async@0.2.10:
    resolution: {integrity: sha512-eAkdoKxU6/LkKDBzLpT+t6Ff5EtfSF4wx1WfJiPEEV7WNLnDaRXk0oVysiEPm262roaachGexwUv94WhSgN5TQ==}

  axios@0.21.4:
    resolution: {integrity: sha512-ut5vewkiu8jjGBdqpM44XxjuCjq9LAKeHVmoVfHVzy8eHgxxq8SbAVQNovDA8mVi05kP0Ea/n/UzcSHcTJQfNg==}

  dotenv@17.3.1:
    resolution: {integrity: sha512-IO8C/dzEb6O3F9/twg6ZLXz164a2fhTnEWb95H23Dm4OuN+92NmEAlTrupP9VW6Jm3sO26tQlqyvyi4CsnY9GA==}
    engines: {node: '>=12'}

  fluent-ffmpeg@2.1.3:
    resolution: {integrity: sha512-Be3narBNt2s6bsaqP6Jzq91heDgOEaDCJAXcE3qcma/EJBSy5FB4cvO31XBInuAuKBx8Kptf8dkhjK0IOru39Q==}
    engines: {node: '>=18'}
    deprecated: Package no longer supported. Contact Support at https://www.npmjs.com/support for more info.

  follow-redirects@1.15.11:
    resolution: {integrity: sha512-deG2P0JfjrTxl50XGCDyfI97ZGVCxIpfKYmfyrQ54n5FO/0gfIES8C/Psl6kWVDolizcaaxZJnTS0QSMxvnsBQ==}
    engines: {node: '>=4.0'}
    peerDependencies:
      debug: '*'
    peerDependenciesMeta:
      debug:
        optional: true

  google-tts-api@2.0.2:
    resolution: {integrity: sha512-MkQYbBJEdom8hJpfEVDfD3tpBtkz0X59C+FNsoRhbnCiFjZRnzyurGQ5OrAr3xkigII56/jmk0JNwZsp450G+Q==}

  isexe@2.0.0:
    resolution: {integrity: sha512-RHxMLp9lnKHGHRng9QFhRCMbYAcVpn69smSGcq3f36xjgVVWThj4qqLbTLlq7Ssj8B+fIQ1EuCEGI2lKsyQeIw==}

  ollama@0.6.3:
    resolution: {integrity: sha512-KEWEhIqE5wtfzEIZbDCLH51VFZ6Z3ZSa6sIOg/E/tBV8S51flyqBOXi+bRxlOYKDf8i327zG9eSTb8IJxvm3Zg==}

  simple-ffmpegjs@0.5.4:
    resolution: {integrity: sha512-o4U36MbPzAZXevD/66FNLb1TfG1JLdYKTPJ2aVNsihM3N5IuNCEPR3fefHU/pS7vLIBWAJcp89NAvf0v+lQO9g==}
    engines: {node: '>=20'}

  whatwg-fetch@3.6.20:
    resolution: {integrity: sha512-EqhiFU6daOA8kpjOWTL0olhVOF3i7OrFzSYiGsEMB8GcXS+RrzauAERX65xMeNWVqxA6HXH2m69Z9LaKKdisfg==}

  which@1.3.1:
    resolution: {integrity: sha512-HxJdYWq1MTIQbJ3nw0cqssHoTNU267KlrDuGZ1WYlxDStUtKUhOaJmh112/TZmHxxUfuJqPXSOm7tDyas0OSIQ==}
    hasBin: true

snapshots:

  async@0.2.10: {}

  axios@0.21.4:
    dependencies:
      follow-redirects: 1.15.11
    transitivePeerDependencies:
      - debug

  dotenv@17.3.1: {}

  fluent-ffmpeg@2.1.3:
    dependencies:
      async: 0.2.10
      which: 1.3.1

  follow-redirects@1.15.11: {}

  google-tts-api@2.0.2:
    dependencies:
      axios: 0.21.4
    transitivePeerDependencies:
      - debug

  isexe@2.0.0: {}

  ollama@0.6.3:
    dependencies:
      whatwg-fetch: 3.6.20

  simple-ffmpegjs@0.5.4: {}

  whatwg-fetch@3.6.20: {}

  which@1.3.1:
    dependencies:
      isexe: 2.0.0
